
Microsoft Visual Studio Solution File, Format Version 12.00
# Visual Studio Version 16
VisualStudioVersion = 16.0.29728.190
MinimumVisualStudioVersion = 10.0.40219.1
Project("{FAE04EC0-301F-11D3-BF4B-00C04F79EFBC}") = "GuessNumberProject", "GuessNumberProject\GuessNumberProject.csproj", "{46B4385F-B770-49C3-B8B9-C36EEFF6D502}"
EndProject
Global
	GlobalSection(SolutionConfigurationPlatforms) = preSolution
		Debug|Any CPU = Debug|Any CPU
		Release|Any CPU = Release|Any CPU
	EndGlobalSection
	GlobalSection(ProjectConfigurationPlatforms) = postSolution
		{46B4385F-B770-49C3-B8B9-C36EEFF6D502}.Debug|Any CPU.ActiveCfg = Debug|Any CPU
		{46B4385F-B770-49C3-B8B9-C36EEFF6D502}.Debug|Any CPU.Build.0 = Debug|Any CPU
		{46B4385F-B770-49C3-B8B9-C36EEFF6D502}.Release|Any CPU.ActiveCfg = Release|Any CPU
		{46B4385F-B770-49C3-B8B9-C36EEFF6D502}.Release|Any CPU.Build.0 = Release|Any CPU
	EndGlobalSection
	GlobalSection(SolutionProperties) = preSolution
		HideSolutionNode = FALSE
	EndGlobalSection
	GlobalSection(ExtensibilityGlobals) = postSolution
		SolutionGuid = {5144897A-D19D-488A-B42B-31C06D60B5A7}
	EndGlobalSection
EndGlobal
